// !$*UTF8*$!
{
	archiveVersion = 1;
	classes = {
	};
	objectVersion = 50;
	objects = {

/* Begin PBXBuildFile section */
		B7A9078A21D1ED3500905E9D /* AppDelegate.swift in Sources */ = {isa = PBXBuildFile; fileRef = B7A9078921D1ED3500905E9D /* AppDelegate.swift */; };
		B7A9078C21D1ED3500905E9D /* ViewController.swift in Sources */ = {isa = PBXBuildFile; fileRef = B7A9078B21D1ED3500905E9D /* ViewController.swift */; };
		B7A9078F21D1ED3500905E9D /* Main.storyboard in Resources */ = {isa = PBXBuildFile; fileRef = B7A9078D21D1ED3500905E9D /* Main.storyboard */; };
		B7A9079221D1ED3500905E9D /* ibeaconv2.xcdatamodeld in Sources */ = {isa = PBXBuildFile; fileRef = B7A9079021D1ED3500905E9D /* ibeaconv2.xcdatamodeld */; };
		B7A9079421D1ED3700905E9D /* Assets.xcassets in Resources */ = {isa = PBXBuildFile; fileRef = B7A9079321D1ED3700905E9D /* Assets.xcassets */; };
		B7A9079721D1ED3700905E9D /* LaunchScreen.storyboard in Resources */ = {isa = PBXBuildFile; fileRef = B7A9079521D1ED3700905E9D /* LaunchScreen.storyboard */; };
		B7A907A221D1ED3700905E9D /* ibeaconv2Tests.swift in Sources */ = {isa = PBXBuildFile; fileRef = B7A907A121D1ED3700905E9D /* ibeaconv2Tests.swift */; };
		B7A907AD21D1ED3700905E9D /* ibeaconv2UITests.swift in Sources */ = {isa = PBXBuildFile; fileRef = B7A907AC21D1ED3700905E9D /* ibeaconv2UITests.swift */; };
/* End PBXBuildFile section */

/* Begin PBXContainerItemProxy section */
		B7A9079E21D1ED3700905E9D /* PBXContainerItemProxy */ = {
			isa = PBXContainerItemProxy;
			containerPortal = B7A9077E21D1ED3500905E9D /* Project object */;
			proxyType = 1;
			remoteGlobalIDString = B7A9078521D1ED3500905E9D;
			remoteInfo = ibeaconv2;
		};
		B7A907A921D1ED3700905E9D /* PBXContainerItemProxy */ = {
			isa = PBXContainerItemProxy;
			containerPortal = B7A9077E21D1ED3500905E9D /* Project object */;
			proxyType = 1;
			remoteGlobalIDString = B7A9078521D1ED3500905E9D;
			remoteInfo = ibeaconv2;
		};
/* End PBXContainerItemProxy section */

/* Begin PBXFileReference section */
		B7A9078621D1ED3500905E9D /* ibeaconv2.app */ = {isa = PBXFileReference; explicitFileType = wrapper.application; includeInIndex = 0; path = ibeaconv2.app; sourceTree = BUILT_PRODUCTS_DIR; };
		B7A9078921D1ED3500905E9D /* AppDelegate.swift */ = {isa = PBXFileReference; lastKnownFileType = sourcecode.swift; path = AppDelegate.swift; sourceTree = "<group>"; };
		B7A9078B21D1ED3500905E9D /* ViewController.swift */ = {isa = PBXFileReference; lastKnownFileType = sourcecode.swift; path = ViewController.swift; sourceTree = "<group>"; };
		B7A9078E21D1ED3500905E9D /* Base */ = {isa = PBXFileReference; lastKnownFileType = file.storyboard; name = Base; path = Base.lproj/Main.storyboard; sourceTree = "<group>"; };
		B7A9079121D1ED3500905E9D /* ibeaconv2.xcdatamodel */ = {isa = PBXFileReference; lastKnownFileType = wrapper.xcdatamodel; path = ibeaconv2.xcdatamodel; sourceTree = "<group>"; };
		B7A9079321D1ED3700905E9D /* Assets.xcassets */ = {isa = PBXFileReference; lastKnownFileType = folder.assetcatalog; path = Assets.xcassets; sourceTree = "<group>"; };
		B7A9079621D1ED3700905E9D /* Base */ = {isa = PBXFileReference; lastKnownFileType = file.storyboard; name = Base; path = Base.lproj/LaunchScreen.storyboard; sourceTree = "<group>"; };
		B7A9079821D1ED3700905E9D /* Info.plist */ = {isa = PBXFileReference; lastKnownFileType = text.plist.xml; path = Info.plist; sourceTree = "<group>"; };
		B7A9079D21D1ED3700905E9D /* ibeaconv2Tests.xctest */ = {isa = PBXFileReference; explicitFileType = wrapper.cfbundle; includeInIndex = 0; path = ibeaconv2Tests.xctest; sourceTree = BUILT_PRODUCTS_DIR; };
		B7A907A121D1ED3700905E9D /* ibeaconv2Tests.swift */ = {isa = PBXFileReference; lastKnownFileType = sourcecode.swift; path = ibeaconv2Tests.swift; sourceTree = "<group>"; };
		B7A907A321D1ED3700905E9D /* Info.plist */ = {isa = PBXFileReference; lastKnownFileType = text.plist.xml; path = Info.plist; sourceTree = "<group>"; };
		B7A907A821D1ED3700905E9D /* ibeaconv2UITests.xctest */ = {isa = PBXFileReference; explicitFileType = wrapper.cfbundle; includeInIndex = 0; path = ibeaconv2UITests.xctest; sourceTree = BUILT_PRODUCTS_DIR; };
		B7A907AC21D1ED3700905E9D /* ibeaconv2UITests.swift */ = {isa = PBXFileReference; lastKnownFileType = sourcecode.swift; path = ibeaconv2UITests.swift; sourceTree = "<group>"; };
		B7A907AE21D1ED3700905E9D /* Info.plist */ = {isa = PBXFileReference; lastKnownFileType = text.plist.xml; path = Info.plist; sourceTree = "<group>"; };
/* End PBXFileReference section */

/* Begin PBXFrameworksBuildPhase section */
		B7A9078321D1ED3500905E9D /* Frameworks */ = {
			isa = PBXFrameworksBuildPhase;
			buildActionMask = 2147483647;
			files = (
			);
			runOnlyForDeploymentPostprocessing = 0;
		};
		B7A9079A21D1ED3700905E9D /* Frameworks */ = {
			isa = PBXFrameworksBuildPhase;
			buildActionMask = 2147483647;
			files = (
			);
			runOnlyForDeploymentPostprocessing = 0;
		};
		B7A907A521D1ED3700905E9D /* Frameworks */ = {
			isa = PBXFrameworksBuildPhase;
			buildActionMask = 2147483647;
			files = (
			);
			runOnlyForDeploymentPostprocessing = 0;
		};
/* End PBXFrameworksBuildPhase section */

/* Begin PBXGroup section */
		B7A9077D21D1ED3500905E9D = {
			isa = PBXGroup;
			children = (
				B7A9078821D1ED3500905E9D /* ibeaconv2 */,
				B7A907A021D1ED3700905E9D /* ibeaconv2Tests */,
				B7A907AB21D1ED3700905E9D /* ibeaconv2UITests */,
				B7A9078721D1ED3500905E9D /* Products */,
			);
			sourceTree = "<group>";
		};
		B7A9078721D1ED3500905E9D /* Products */ = {
			isa = PBXGroup;
			children = (
				B7A9078621D1ED3500905E9D /* ibeaconv2.app */,
				B7A9079D21D1ED3700905E9D /* ibeaconv2Tests.xctest */,
				B7A907A821D1ED3700905E9D /* ibeaconv2UITests.xctest */,
			);
			name = Products;
			sourceTree = "<group>";
		};
		B7A9078821D1ED3500905E9D /* ibeaconv2 */ = {
			isa = PBXGroup;
			children = (
				B7A9078921D1ED3500905E9D /* AppDelegate.swift */,
				B7A9078B21D1ED3500905E9D /* ViewController.swift */,
				B7A9078D21D1ED3500905E9D /* Main.storyboard */,
				B7A9079321D1ED3700905E9D /* Assets.xcassets */,
				B7A9079521D1ED3700905E9D /* LaunchScreen.storyboard */,
				B7A9079821D1ED3700905E9D /* Info.plist */,
				B7A9079021D1ED3500905E9D /* ibeaconv2.xcdatamodeld */,
			);
			path = ibeaconv2;
			sourceTree = "<group>";
		};
		B7A907A021D1ED3700905E9D /* ibeaconv2Tests */ = {
			isa = PBXGroup;
			children = (
				B7A907A121D1ED3700905E9D /* ibeaconv2Tests.swift */,
				B7A907A321D1ED3700905E9D /* Info.plist */,
			);
			path = ibeaconv2Tests;
			sourceTree = "<group>";
		};
		B7A907AB21D1ED3700905E9D /* ibeaconv2UITests */ = {
			isa = PBXGroup;
			children = (
				B7A907AC21D1ED3700905E9D /* ibeaconv2UITests.swift */,
				B7A907AE21D1ED3700905E9D /* Info.plist */,
			);
			path = ibeaconv2UITests;
			sourceTree = "<group>";
		};
/* End PBXGroup section */

/* Begin PBXNativeTarget section */
		B7A9078521D1ED3500905E9D /* ibeaconv2 */ = {
			isa = PBXNativeTarget;
			buildConfigurationList = B7A907B121D1ED3700905E9D /* Build configuration list for PBXNativeTarget "ibeaconv2" */;
			buildPhases = (
				B7A9078221D1ED3500905E9D /* Sources */,
				B7A9078321D1ED3500905E9D /* Frameworks */,
				B7A9078421D1ED3500905E9D /* Resources */,
			);
			buildRules = (
			);
			dependencies = (
			);
			name = ibeaconv2;
			productName = ibeaconv2;
			productReference = B7A9078621D1ED3500905E9D /* ibeaconv2.app */;
			productType = "com.apple.product-type.application";
		};
		B7A9079C21D1ED3700905E9D /* ibeaconv2Tests */ = {
			isa = PBXNativeTarget;
			buildConfigurationList = B7A907B421D1ED3700905E9D /* Build configuration list for PBXNativeTarget "ibeaconv2Tests" */;
			buildPhases = (
				B7A9079921D1ED3700905E9D /* Sources */,
				B7A9079A21D1ED3700905E9D /* Frameworks */,
				B7A9079B21D1ED3700905E9D /* Resources */,
			);
			buildRules = (
			);
			dependencies = (
				B7A9079F21D1ED3700905E9D /* PBXTargetDependency */,
			);
			name = ibeaconv2Tests;
			productName = ibeaconv2Tests;
			productReference = B7A9079D21D1ED3700905E9D /* ibeaconv2Tests.xctest */;
			productType = "com.apple.product-type.bundle.unit-test";
		};
		B7A907A721D1ED3700905E9D /* ibeaconv2UITests */ = {
			isa = PBXNativeTarget;
			buildConfigurationList = B7A907B721D1ED3700905E9D /* Build configuration list for PBXNativeTarget "ibeaconv2UITests" */;
			buildPhases = (
				B7A907A421D1ED3700905E9D /* Sources */,
				B7A907A521D1ED3700905E9D /* Frameworks */,
				B7A907A621D1ED3700905E9D /* Resources */,
			);
			buildRules = (
			);
			dependencies = (
				B7A907AA21D1ED3700905E9D /* PBXTargetDependency */,
			);
			name = ibeaconv2UITests;
			productName = ibeaconv2UITests;
			productReference = B7A907A821D1ED3700905E9D /* ibeaconv2UITests.xctest */;
			productType = "com.apple.product-type.bundle.ui-testing";
		};
/* End PBXNativeTarget section */

/* Begin PBXProject section */
		B7A9077E21D1ED3500905E9D /* Project object */ = {
			isa = PBXProject;
			attributes = {
				LastSwiftUpdateCheck = 1010;
				LastUpgradeCheck = 1010;
				ORGANIZATIONNAME = TaeIl;
				TargetAttributes = {
					B7A9078521D1ED3500905E9D = {
						CreatedOnToolsVersion = 10.1;
					};
					B7A9079C21D1ED3700905E9D = {
						CreatedOnToolsVersion = 10.1;
						TestTargetID = B7A9078521D1ED3500905E9D;
					};
					B7A907A721D1ED3700905E9D = {
						CreatedOnToolsVersion = 10.1;
						TestTargetID = B7A9078521D1ED3500905E9D;
					};
				};
			};
			buildConfigurationList = B7A9078121D1ED3500905E9D /* Build configuration list for PBXProject "ibeaconv2" */;
			compatibilityVersion = "Xcode 9.3";
			developmentRegion = en;
			hasScannedForEncodings = 0;
			knownRegions = (
				en,
				Base,
			);
			mainGroup = B7A9077D21D1ED3500905E9D;
			productRefGroup = B7A9078721D1ED3500905E9D /* Products */;
			projectDirPath = "";
			projectRoot = "";
			targets = (
				B7A9078521D1ED3500905E9D /* ibeaconv2 */,
				B7A9079C21D1ED3700905E9D /* ibeaconv2Tests */,
				B7A907A721D1ED3700905E9D /* ibeaconv2UITests */,
			);
		};
/* End PBXProject section */

/* Begin PBXResourcesBuildPhase section */
		B7A9078421D1ED3500905E9D /* Resources */ = {
			isa = PBXResourcesBuildPhase;
			buildActionMask = 2147483647;
			files = (
				B7A9079721D1ED3700905E9D /* LaunchScreen.storyboard in Resources */,
				B7A9079421D1ED3700905E9D /* Assets.xcassets in Resources */,
				B7A9078F21D1ED3500905E9D /* Main.storyboard in Resources */,
			);
			runOnlyForDeploymentPostprocessing = 0;
		};
		B7A9079B21D1ED3700905E9D /* Resources */ = {
			isa = PBXResourcesBuildPhase;
			buildActionMask = 2147483647;
			files = (
			);
			runOnlyForDeploymentPostprocessing = 0;
		};
		B7A907A621D1ED3700905E9D /* Resources */ = {
			isa = PBXResourcesBuildPhase;
			buildActionMask = 2147483647;
			files = (
			);
			runOnlyForDeploymentPostprocessing = 0;
		};
/* End PBXResourcesBuildPhase section */

/* Begin PBXSourcesBuildPhase section */
		B7A9078221D1ED3500905E9D /* Sources */ = {
			isa = PBXSourcesBuildPhase;
			buildActionMask = 2147483647;
			files = (
				B7A9078C21D1ED3500905E9D /* ViewController.swift in Sources */,
				B7A9079221D1ED3500905E9D /* ibeaconv2.xcdatamodeld in Sources */,
				B7A9078A21D1ED3500905E9D /* AppDelegate.swift in Sources */,
			);
			runOnlyForDeploymentPostprocessing = 0;
		};
		B7A9079921D1ED3700905E9D /* Sources */ = {
			isa = PBXSourcesBuildPhase;
			buildActionMask = 2147483647;
			files = (
				B7A907A221D1ED3700905E9D /* ibeaconv2Tests.swift in Sources */,
			);
			runOnlyForDeploymentPostprocessing = 0;
		};
		B7A907A421D1ED3700905E9D /* Sources */ = {
			isa = PBXSourcesBuildPhase;
			buildActionMask = 2147483647;
			files = (
				B7A907AD21D1ED3700905E9D /* ibeaconv2UITests.swift in Sources */,
			);
			runOnlyForDeploymentPostprocessing = 0;
		};
/* End PBXSourcesBuildPhase section */

/* Begin PBXTargetDependency section */
		B7A9079F21D1ED3700905E9D /* PBXTargetDependency */ = {
			isa = PBXTargetDependency;
			target = B7A9078521D1ED3500905E9D /* ibeaconv2 */;
			targetProxy = B7A9079E21D1ED3700905E9D /* PBXContainerItemProxy */;
		};
		B7A907AA21D1ED3700905E9D /* PBXTargetDependency */ = {
			isa = PBXTargetDependency;
			target = B7A9078521D1ED3500905E9D /* ibeaconv2 */;
			targetProxy = B7A907A921D1ED3700905E9D /* PBXContainerItemProxy */;
		};
/* End PBXTargetDependency section */

/* Begin PBXVariantGroup section */
		B7A9078D21D1ED3500905E9D /* Main.storyboard */ = {
			isa = PBXVariantGroup;
			children = (
				B7A9078E21D1ED3500905E9D /* Base */,
			);
			name = Main.storyboard;
			sourceTree = "<group>";
		};
		B7A9079521D1ED3700905E9D /* LaunchScreen.storyboard */ = {
			isa = PBXVariantGroup;
			children = (
				B7A9079621D1ED3700905E9D /* Base */,
			);
			name = LaunchScreen.storyboard;
			sourceTree = "<group>";
		};
/* End PBXVariantGroup section */

/* Begin XCBuildConfiguration section */
		B7A907AF21D1ED3700905E9D /* Debug */ = {
			isa = XCBuildConfiguration;
			buildSettings = {
				ALWAYS_SEARCH_USER_PATHS = NO;
				CLANG_ANALYZER_NONNULL = YES;
				CLANG_ANALYZER_NUMBER_OBJECT_CONVERSION = YES_AGGRESSIVE;
				CLANG_CXX_LANGUAGE_STANDARD = "gnu++14";
				CLANG_CXX_LIBRARY = "libc++";
				CLANG_ENABLE_MODULES = YES;
				CLANG_ENABLE_OBJC_ARC = YES;
				CLANG_ENABLE_OBJC_WEAK = YES;
				CLANG_WARN_BLOCK_CAPTURE_AUTORELEASING = YES;
				CLANG_WARN_BOOL_CONVERSION = YES;
				CLANG_WARN_COMMA = YES;
				CLANG_WARN_CONSTANT_CONVERSION = YES;
				CLANG_WARN_DEPRECATED_OBJC_IMPLEMENTATIONS = YES;
				CLANG_WARN_DIRECT_OBJC_ISA_USAGE = YES_ERROR;
				CLANG_WARN_DOCUMENTATION_COMMENTS = YES;
				CLANG_WARN_EMPTY_BODY = YES;
				CLANG_WARN_ENUM_CONVERSION = YES;
				CLANG_WARN_INFINITE_RECURSION = YES;
				CLANG_WARN_INT_CONVERSION = YES;
				CLANG_WARN_NON_LITERAL_NULL_CONVERSION = YES;
				CLANG_WARN_OBJC_IMPLICIT_RETAIN_SELF = YES;
				CLANG_WARN_OBJC_LITERAL_CONVERSION = YES;
				CLANG_WARN_OBJC_ROOT_CLASS = YES_ERROR;
				CLANG_WARN_RANGE_LOOP_ANALYSIS = YES;
				CLANG_WARN_STRICT_PROTOTYPES = YES;
				CLANG_WARN_SUSPICIOUS_MOVE = YES;
				CLANG_WARN_UNGUARDED_AVAILABILITY = YES_AGGRESSIVE;
				CLANG_WARN_UNREACHABLE_CODE = YES;
				CLANG_WARN__DUPLICATE_METHOD_MATCH = YES;
				CODE_SIGN_IDENTITY = "iPhone Developer";
				COPY_PHASE_STRIP = NO;
				DEBUG_INFORMATION_FORMAT = dwarf;
				ENABLE_STRICT_OBJC_MSGSEND = YES;
				ENABLE_TESTABILITY = YES;
				GCC_C_LANGUAGE_STANDARD = gnu11;
				GCC_DYNAMIC_NO_PIC = NO;
				GCC_NO_COMMON_BLOCKS = YES;
				GCC_OPTIMIZATION_LEVEL = 0;
				GCC_PREPROCESSOR_DEFINITIONS = (
					"DEBUG=1",
					"$(inherited)",
				);
				GCC_WARN_64_TO_32_BIT_CONVERSION = YES;
				GCC_WARN_ABOUT_RETURN_TYPE = YES_ERROR;
				GCC_WARN_UNDECLARED_SELECTOR = YES;
				GCC_WARN_UNINITIALIZED_AUTOS = YES_AGGRESSIVE;
				GCC_WARN_UNUSED_FUNCTION = YES;
				GCC_WARN_UNUSED_VARIABLE = YES;
				IPHONEOS_DEPLOYMENT_TARGET = 12.1;
				MTL_ENABLE_DEBUG_INFO = INCLUDE_SOURCE;
				MTL_FAST_MATH = YES;
				ONLY_ACTIVE_ARCH = YES;
				SDKROOT = iphoneos;
				SWIFT_ACTIVE_COMPILATION_CONDITIONS = DEBUG;
				SWIFT_OPTIMIZATION_LEVEL = "-Onone";
			};
			name = Debug;
		};
		B7A907B021D1ED3700905E9D /* Release */ = {
			isa = XCBuildConfiguration;
			buildSettings = {
				ALWAYS_SEARCH_USER_PATHS = NO;
				CLANG_ANALYZER_NONNULL = YES;
				CLANG_ANALYZER_NUMBER_OBJECT_CONVERSION = YES_AGGRESSIVE;
				CLANG_CXX_LANGUAGE_STANDARD = "gnu++14";
				CLANG_CXX_LIBRARY = "libc++";
				CLANG_ENABLE_MODULES = YES;
				CLANG_ENABLE_OBJC_ARC = YES;
				CLANG_ENABLE_OBJC_WEAK = YES;
				CLANG_WARN_BLOCK_CAPTURE_AUTORELEASING = YES;
				CLANG_WARN_BOOL_CONVERSION = YES;
				CLANG_WARN_COMMA = YES;
				CLANG_WARN_CONSTANT_CONVERSION = YES;
				CLANG_WARN_DEPRECATED_OBJC_IMPLEMENTATIONS = YES;
				CLANG_WARN_DIRECT_OBJC_ISA_USAGE = YES_ERROR;
				CLANG_WARN_DOCUMENTATION_COMMENTS = YES;
				CLANG_WARN_EMPTY_BODY = YES;
				CLANG_WARN_ENUM_CONVERSION = YES;
				CLANG_WARN_INFINITE_RECURSION = YES;
				CLANG_WARN_INT_CONVERSION = YES;
				CLANG_WARN_NON_LITERAL_NULL_CONVERSION = YES;
				CLANG_WARN_OBJC_IMPLICIT_RETAIN_SELF = YES;
				CLANG_WARN_OBJC_LITERAL_CONVERSION = YES;
				CLANG_WARN_OBJC_ROOT_CLASS = YES_ERROR;
				CLANG_WARN_RANGE_LOOP_ANALYSIS = YES;
				CLANG_WARN_STRICT_PROTOTYPES = YES;
				CLANG_WARN_SUSPICIOUS_MOVE = YES;
				CLANG_WARN_UNGUARDED_AVAILABILITY = YES_AGGRESSIVE;
				CLANG_WARN_UNREACHABLE_CODE = YES;
				CLANG_WARN__DUPLICATE_METHOD_MATCH = YES;
				CODE_SIGN_IDENTITY = "iPhone Developer";
				COPY_PHASE_STRIP = NO;
				DEBUG_INFORMATION_FORMAT = "dwarf-with-dsym";
				ENABLE_NS_ASSERTIONS = NO;
				ENABLE_STRICT_OBJC_MSGSEND = YES;
				GCC_C_LANGUAGE_STANDARD = gnu11;
				GCC_NO_COMMON_BLOCKS = YES;
				GCC_WARN_64_TO_32_BIT_CONVERSION = YES;
				GCC_WARN_ABOUT_RETURN_TYPE = YES_ERROR;
				GCC_WARN_UNDECLARED_SELECTOR = YES;
				GCC_WARN_UNINITIALIZED_AUTOS = YES_AGGRESSIVE;
				GCC_WARN_UNUSED_FUNCTION = YES;
				GCC_WARN_UNUSED_VARIABLE = YES;
				IPHONEOS_DEPLOYMENT_TARGET = 12.1;
				MTL_ENABLE_DEBUG_INFO = NO;
				MTL_FAST_MATH = YES;
				SDKROOT = iphoneos;
				SWIFT_COMPILATION_MODE = wholemodule;
				SWIFT_OPTIMIZATION_LEVEL = "-O";
				VALIDATE_PRODUCT = YES;
			};
			name = Release;
		};
		B7A907B221D1ED3700905E9D /* Debug */ = {
			isa = XCBuildConfiguration;
			buildSettings = {
				ASSETCATALOG_COMPILER_APPICON_NAME = AppIcon;
				CODE_SIGN_STYLE = Automatic;
				DEVELOPMENT_TEAM = 6GL9N7XJDL;
				INFOPLIST_FILE = ibeaconv2/Info.plist;
				LD_RUNPATH_SEARCH_PATHS = (
					"$(inherited)",
					"@executable_path/Frameworks",
				);
				PRODUCT_BUNDLE_IDENTIFIER = com.diziOh.ibeaconv2;
				PRODUCT_NAME = "$(TARGET_NAME)";
				SWIFT_VERSION = 4.2;
				TARGETED_DEVICE_FAMILY = "1,2";
			};
			name = Debug;
		};
		B7A907B321D1ED3700905E9D /* Release */ = {
			isa = XCBuildConfiguration;
			buildSettings = {
				ASSETCATALOG_COMPILER_APPICON_NAME = AppIcon;
				CODE_SIGN_STYLE = Automatic;
				DEVELOPMENT_TEAM = 6GL9N7XJDL;
				INFOPLIST_FILE = ibeaconv2/Info.plist;
				LD_RUNPATH_SEARCH_PATHS = (
					"$(inherited)",
					"@executable_path/Frameworks",
				);
				PRODUCT_BUNDLE_IDENTIFIER = com.diziOh.ibeaconv2;
				PRODUCT_NAME = "$(TARGET_NAME)";
				SWIFT_VERSION = 4.2;
				TARGETED_DEVICE_FAMILY = "1,2";
			};
			name = Release;
		};
		B7A907B521D1ED3700905E9D /* Debug */ = {
			isa = XCBuildConfiguration;
			buildSettings = {
				ALWAYS_EMBED_SWIFT_STANDARD_LIBRARIES = YES;
				BUNDLE_LOADER = "$(TEST_HOST)";
				CODE_SIGN_STYLE = Automatic;
				DEVELOPMENT_TEAM = 6GL9N7XJDL;
				INFOPLIST_FILE = ibeaconv2Tests/Info.plist;
				LD_RUNPATH_SEARCH_PATHS = (
					"$(inherited)",
					"@executable_path/Frameworks",
					"@loader_path/Frameworks",
				);
				PRODUCT_BUNDLE_IDENTIFIER = com.diziOh.ibeaconv2Tests;
				PRODUCT_NAME = "$(TARGET_NAME)";
				SWIFT_VERSION = 4.2;
				TARGETED_DEVICE_FAMILY = "1,2";
				TEST_HOST = "$(BUILT_PRODUCTS_DIR)/ibeaconv2.app/ibeaconv2";
			};
			name = Debug;
		};
		B7A907B621D1ED3700905E9D /* Release */ = {
			isa = XCBuildConfiguration;
			buildSettings = {
				ALWAYS_EMBED_SWIFT_STANDARD_LIBRARIES = YES;
				BUNDLE_LOADER = "$(TEST_HOST)";
				CODE_SIGN_STYLE = Automatic;
				DEVELOPMENT_TEAM = 6GL9N7XJDL;
				INFOPLIST_FILE = ibeaconv2Tests/Info.plist;
				LD_RUNPATH_SEARCH_PATHS = (
					"$(inherited)",
					"@executable_path/Frameworks",
					"@loader_path/Frameworks",
				);
				PRODUCT_BUNDLE_IDENTIFIER = com.diziOh.ibeaconv2Tests;
				PRODUCT_NAME = "$(TARGET_NAME)";
				SWIFT_VERSION = 4.2;
				TARGETED_DEVICE_FAMILY = "1,2";
				TEST_HOST = "$(BUILT_PRODUCTS_DIR)/ibeaconv2.app/ibeaconv2";
			};
			name = Release;
		};
		B7A907B821D1ED3700905E9D /* Debug */ = {
			isa = XCBuildConfiguration;
			buildSettings = {
				ALWAYS_EMBED_SWIFT_STANDARD_LIBRARIES = YES;
				CODE_SIGN_STYLE = Automatic;
				DEVELOPMENT_TEAM = 6GL9N7XJDL;
				INFOPLIST_FILE = ibeaconv2UITests/Info.plist;
				LD_RUNPATH_SEARCH_PATHS = (
					"$(inherited)",
					"@executable_path/Frameworks",
					"@loader_path/Frameworks",
				);
				PRODUCT_BUNDLE_IDENTIFIER = com.diziOh.ibeaconv2UITests;
				PRODUCT_NAME = "$(TARGET_NAME)";
				SWIFT_VERSION = 4.2;
				TARGETED_DEVICE_FAMILY = "1,2";
				TEST_TARGET_NAME = ibeaconv2;
			};
			name = Debug;
		};
		B7A907B921D1ED3700905E9D /* Release */ = {
			isa = XCBuildConfiguration;
			buildSettings = {
				ALWAYS_EMBED_SWIFT_STANDARD_LIBRARIES = YES;
				CODE_SIGN_STYLE = Automatic;
				DEVELOPMENT_TEAM = 6GL9N7XJDL;
				INFOPLIST_FILE = ibeaconv2UITests/Info.plist;
				LD_RUNPATH_SEARCH_PATHS = (
					"$(inherited)",
					"@executable_path/Frameworks",
					"@loader_path/Frameworks",
				);
				PRODUCT_BUNDLE_IDENTIFIER = com.diziOh.ibeaconv2UITests;
				PRODUCT_NAME = "$(TARGET_NAME)";
				SWIFT_VERSION = 4.2;
				TARGETED_DEVICE_FAMILY = "1,2";
				TEST_TARGET_NAME = ibeaconv2;
			};
			name = Release;
		};
/* End XCBuildConfiguration section */

/* Begin XCConfigurationList section */
		B7A9078121D1ED3500905E9D /* Build configuration list for PBXProject "ibeaconv2" */ = {
			isa = XCConfigurationList;
			buildConfigurations = (
				B7A907AF21D1ED3700905E9D /* Debug */,
				B7A907B021D1ED3700905E9D /* Release */,
			);
			defaultConfigurationIsVisible = 0;
			defaultConfigurationName = Release;
		};
		B7A907B121D1ED3700905E9D /* Build configuration list for PBXNativeTarget "ibeaconv2" */ = {
			isa = XCConfigurationList;
			buildConfigurations = (
				B7A907B221D1ED3700905E9D /* Debug */,
				B7A907B321D1ED3700905E9D /* Release */,
			);
			defaultConfigurationIsVisible = 0;
			defaultConfigurationName = Release;
		};
		B7A907B421D1ED3700905E9D /* Build configuration list for PBXNativeTarget "ibeaconv2Tests" */ = {
			isa = XCConfigurationList;
			buildConfigurations = (
				B7A907B521D1ED3700905E9D /* Debug */,
				B7A907B621D1ED3700905E9D /* Release */,
			);
			defaultConfigurationIsVisible = 0;
			defaultConfigurationName = Release;
		};
		B7A907B721D1ED3700905E9D /* Build configuration list for PBXNativeTarget "ibeaconv2UITests" */ = {
			isa = XCConfigurationList;
			buildConfigurations = (
				B7A907B821D1ED3700905E9D /* Debug */,
				B7A907B921D1ED3700905E9D /* Release */,
			);
			defaultConfigurationIsVisible = 0;
			defaultConfigurationName = Release;
		};
/* End XCConfigurationList section */

/* Begin XCVersionGroup section */
		B7A9079021D1ED3500905E9D /* ibeaconv2.xcdatamodeld */ = {
			isa = XCVersionGroup;
			children = (
				B7A9079121D1ED3500905E9D /* ibeaconv2.xcdatamodel */,
			);
			currentVersion = B7A9079121D1ED3500905E9D /* ibeaconv2.xcdatamodel */;
			path = ibeaconv2.xcdatamodeld;
			sourceTree = "<group>";
			versionGroupType = wrapper.xcdatamodel;
		};
/* End XCVersionGroup section */
	};
	rootObject = B7A9077E21D1ED3500905E9D /* Project object */;
}
